
Microsoft Visual Studio Solution File, Format Version 12.00
# Visual Studio Version 17
VisualStudioVersion = 17.10.35013.160
MinimumVisualStudioVersion = 10.0.40219.1
Project("{9A19103F-16F7-4668-BE54-9A1E7A4F7556}") = "WeatherServiceAPI", "WeatherServiceAPI\WeatherServiceAPI.csproj", "{D882992B-2372-4B2E-B645-DDD6F682FB96}"
EndProject
Project("{FAE04EC0-301F-11D3-BF4B-00C04F79EFBC}") = "WeatherServiceAPI.Test", "WeatherServiceAPI.Test\WeatherServiceAPI.Test.csproj", "{D3321F30-F23C-4B44-BCCD-9A4762D45609}"
EndProject
Global
	GlobalSection(SolutionConfigurationPlatforms) = preSolution
		Debug|Any CPU = Debug|Any CPU
		Release|Any CPU = Release|Any CPU
	EndGlobalSection
	GlobalSection(ProjectConfigurationPlatforms) = postSolution
		{D882992B-2372-4B2E-B645-DDD6F682FB96}.Debug|Any CPU.ActiveCfg = Debug|Any CPU
		{D882992B-2372-4B2E-B645-DDD6F682FB96}.Debug|Any CPU.Build.0 = Debug|Any CPU
		{D882992B-2372-4B2E-B645-DDD6F682FB96}.Release|Any CPU.ActiveCfg = Release|Any CPU
		{D882992B-2372-4B2E-B645-DDD6F682FB96}.Release|Any CPU.Build.0 = Release|Any CPU
		{D3321F30-F23C-4B44-BCCD-9A4762D45609}.Debug|Any CPU.ActiveCfg = Debug|Any CPU
		{D3321F30-F23C-4B44-BCCD-9A4762D45609}.Debug|Any CPU.Build.0 = Debug|Any CPU
		{D3321F30-F23C-4B44-BCCD-9A4762D45609}.Release|Any CPU.ActiveCfg = Release|Any CPU
		{D3321F30-F23C-4B44-BCCD-9A4762D45609}.Release|Any CPU.Build.0 = Release|Any CPU
	EndGlobalSection
	GlobalSection(SolutionProperties) = preSolution
		HideSolutionNode = FALSE
	EndGlobalSection
	GlobalSection(ExtensibilityGlobals) = postSolution
		SolutionGuid = {F65E0AB7-F736-4E65-B726-EAB960E0892B}
	EndGlobalSection
EndGlobal
